
Microsoft Visual Studio Solution File, Format Version 12.00
# Visual Studio 15
VisualStudioVersion = 15.0.28307.168
MinimumVisualStudioVersion = 10.0.40219.1
Project("{FAE04EC0-301F-11D3-BF4B-00C04F79EFBC}") = "Ex39 - Architecture Using Events", "Ex39 - Architecture Using Events\Ex39 - Architecture Using Events.csproj", "{E8BB0443-6EDF-4811-BD06-C1648A16BF29}"
EndProject
Global
	GlobalSection(SolutionConfigurationPlatforms) = preSolution
		Debug|Any CPU = Debug|Any CPU
		Release|Any CPU = Release|Any CPU
	EndGlobalSection
	GlobalSection(ProjectConfigurationPlatforms) = postSolution
		{E8BB0443-6EDF-4811-BD06-C1648A16BF29}.Debug|Any CPU.ActiveCfg = Debug|Any CPU
		{E8BB0443-6EDF-4811-BD06-C1648A16BF29}.Debug|Any CPU.Build.0 = Debug|Any CPU
		{E8BB0443-6EDF-4811-BD06-C1648A16BF29}.Release|Any CPU.ActiveCfg = Release|Any CPU
		{E8BB0443-6EDF-4811-BD06-C1648A16BF29}.Release|Any CPU.Build.0 = Release|Any CPU
	EndGlobalSection
	GlobalSection(SolutionProperties) = preSolution
		HideSolutionNode = FALSE
	EndGlobalSection
	GlobalSection(ExtensibilityGlobals) = postSolution
		SolutionGuid = {2FD4042F-E5D7-4C9A-9F02-DE59738ADFD5}
	EndGlobalSection
EndGlobal
